
Microsoft Visual Studio Solution File, Format Version 12.00
# Visual Studio Version 16
VisualStudioVersion = 16.0.29806.167
MinimumVisualStudioVersion = 10.0.40219.1
Project("{9A19103F-16F7-4668-BE54-9A1E7A4F7556}") = "GrpcGreeter", "GrpcGreeter\GrpcGreeter.csproj", "{F6854EDA-7EC4-4E73-867E-8F16BD05A5EE}"
EndProject
Project("{9A19103F-16F7-4668-BE54-9A1E7A4F7556}") = "GrpcGreeterClient", "..\GrpcGreeterClient\GrpcGreeterClient\GrpcGreeterClient.csproj", "{3307C18F-FF4D-4932-A966-3ACE0BF69720}"
EndProject
Global
	GlobalSection(SolutionConfigurationPlatforms) = preSolution
		Debug|Any CPU = Debug|Any CPU
		Release|Any CPU = Release|Any CPU
	EndGlobalSection
	GlobalSection(ProjectConfigurationPlatforms) = postSolution
		{F6854EDA-7EC4-4E73-867E-8F16BD05A5EE}.Debug|Any CPU.ActiveCfg = Debug|Any CPU
		{F6854EDA-7EC4-4E73-867E-8F16BD05A5EE}.Debug|Any CPU.Build.0 = Debug|Any CPU
		{F6854EDA-7EC4-4E73-867E-8F16BD05A5EE}.Release|Any CPU.ActiveCfg = Release|Any CPU
		{F6854EDA-7EC4-4E73-867E-8F16BD05A5EE}.Release|Any CPU.Build.0 = Release|Any CPU
		{3307C18F-FF4D-4932-A966-3ACE0BF69720}.Debug|Any CPU.ActiveCfg = Debug|Any CPU
		{3307C18F-FF4D-4932-A966-3ACE0BF69720}.Debug|Any CPU.Build.0 = Debug|Any CPU
		{3307C18F-FF4D-4932-A966-3ACE0BF69720}.Release|Any CPU.ActiveCfg = Release|Any CPU
		{3307C18F-FF4D-4932-A966-3ACE0BF69720}.Release|Any CPU.Build.0 = Release|Any CPU
	EndGlobalSection
	GlobalSection(SolutionProperties) = preSolution
		HideSolutionNode = FALSE
	EndGlobalSection
	GlobalSection(ExtensibilityGlobals) = postSolution
		SolutionGuid = {04E84FA0-3D8C-4709-9B50-E653D45DCE27}
	EndGlobalSection
EndGlobal
